
Microsoft Visual Studio Solution File, Format Version 12.00
# Visual Studio Version 17
VisualStudioVersion = 17.14.36518.9 d17.14
MinimumVisualStudioVersion = 10.0.40219.1
Project("{FAE04EC0-301F-11D3-BF4B-00C04F79EFBC}") = "QuizWeb_TrioForce", "QuizWeb_TrioForce.csproj", "{E9B854E0-05E1-45FC-B396-8BFC96B3149D}"
EndProject
Global
	GlobalSection(SolutionConfigurationPlatforms) = preSolution
		Debug|Any CPU = Debug|Any CPU
		Release|Any CPU = Release|Any CPU
	EndGlobalSection
	GlobalSection(ProjectConfigurationPlatforms) = postSolution
		{E9B854E0-05E1-45FC-B396-8BFC96B3149D}.Debug|Any CPU.ActiveCfg = Debug|Any CPU
		{E9B854E0-05E1-45FC-B396-8BFC96B3149D}.Debug|Any CPU.Build.0 = Debug|Any CPU
		{E9B854E0-05E1-45FC-B396-8BFC96B3149D}.Release|Any CPU.ActiveCfg = Release|Any CPU
		{E9B854E0-05E1-45FC-B396-8BFC96B3149D}.Release|Any CPU.Build.0 = Release|Any CPU
	EndGlobalSection
	GlobalSection(SolutionProperties) = preSolution
		HideSolutionNode = FALSE
	EndGlobalSection
	GlobalSection(ExtensibilityGlobals) = postSolution
		SolutionGuid = {362E099B-1873-4C8A-9A6B-086C57FCBB75}
	EndGlobalSection
EndGlobal
